
Microsoft Visual Studio Solution File, Format Version 12.00
# Visual Studio Version 17
VisualStudioVersion = 17.0.31903.59
MinimumVisualStudioVersion = 10.0.40219.1
Project("{FAE04EC0-301F-11D3-BF4B-00C04F79EFBC}") = "TravelAPI", "TravelAPI\TravelAPI.csproj", "{46EFA7BE-D0C9-4B88-9764-BF0FE7DEF515}"
EndProject
Project("{FAE04EC0-301F-11D3-BF4B-00C04F79EFBC}") = "Infrastructure", "Infrastructure\Infrastructure.csproj", "{A8BC1F57-BF01-4C02-AC8D-9DFF616E6A5C}"
EndProject
Project("{FAE04EC0-301F-11D3-BF4B-00C04F79EFBC}") = "Core", "Core\Core.csproj", "{62F90A65-3E8C-40A7-B561-E1BF0875CACA}"
EndProject
Global
	GlobalSection(SolutionConfigurationPlatforms) = preSolution
		Debug|Any CPU = Debug|Any CPU
		Release|Any CPU = Release|Any CPU
	EndGlobalSection
	GlobalSection(SolutionProperties) = preSolution
		HideSolutionNode = FALSE
	EndGlobalSection
	GlobalSection(ProjectConfigurationPlatforms) = postSolution
		{46EFA7BE-D0C9-4B88-9764-BF0FE7DEF515}.Debug|Any CPU.ActiveCfg = Debug|Any CPU
		{46EFA7BE-D0C9-4B88-9764-BF0FE7DEF515}.Debug|Any CPU.Build.0 = Debug|Any CPU
		{46EFA7BE-D0C9-4B88-9764-BF0FE7DEF515}.Release|Any CPU.ActiveCfg = Release|Any CPU
		{46EFA7BE-D0C9-4B88-9764-BF0FE7DEF515}.Release|Any CPU.Build.0 = Release|Any CPU
		{A8BC1F57-BF01-4C02-AC8D-9DFF616E6A5C}.Debug|Any CPU.ActiveCfg = Debug|Any CPU
		{A8BC1F57-BF01-4C02-AC8D-9DFF616E6A5C}.Debug|Any CPU.Build.0 = Debug|Any CPU
		{A8BC1F57-BF01-4C02-AC8D-9DFF616E6A5C}.Release|Any CPU.ActiveCfg = Release|Any CPU
		{A8BC1F57-BF01-4C02-AC8D-9DFF616E6A5C}.Release|Any CPU.Build.0 = Release|Any CPU
		{62F90A65-3E8C-40A7-B561-E1BF0875CACA}.Debug|Any CPU.ActiveCfg = Debug|Any CPU
		{62F90A65-3E8C-40A7-B561-E1BF0875CACA}.Debug|Any CPU.Build.0 = Debug|Any CPU
		{62F90A65-3E8C-40A7-B561-E1BF0875CACA}.Release|Any CPU.ActiveCfg = Release|Any CPU
		{62F90A65-3E8C-40A7-B561-E1BF0875CACA}.Release|Any CPU.Build.0 = Release|Any CPU
	EndGlobalSection
EndGlobal
